
Microsoft Visual Studio Solution File, Format Version 12.00
# Visual Studio 2017
Project("{FAE04EC0-301F-11D3-BF4B-00C04F79EFBC}") = "AINT253.Plugins", "AINT253.Plugins.csproj", "{9AFE9E7A-B002-4210-8B07-F1BA9BCAD8F0}"
EndProject
Project("{FAE04EC0-301F-11D3-BF4B-00C04F79EFBC}") = "AINT253.Editor", "AINT253.Editor.csproj", "{760C2D26-E8A9-E48E-8BC9-AEF70696F003}"
EndProject
Project("{FAE04EC0-301F-11D3-BF4B-00C04F79EFBC}") = "AINT253.Editor", "AINT253.Editor.csproj", "{760C2D26-E8A9-E48E-8BC9-AEF70696F003}"
EndProject
Project("{FAE04EC0-301F-11D3-BF4B-00C04F79EFBC}") = "AINT253.Editor.Plugins", "AINT253.Editor.Plugins.csproj", "{548C3D49-9EA3-700A-F8A8-750C5FB6A6C1}"
EndProject
Global
	GlobalSection(SolutionConfigurationPlatforms) = preSolution
		Debug|Any CPU = Debug|Any CPU
		Release|Any CPU = Release|Any CPU
	EndGlobalSection
	GlobalSection(ProjectConfigurationPlatforms) = postSolution
		{9AFE9E7A-B002-4210-8B07-F1BA9BCAD8F0}.Debug|Any CPU.ActiveCfg = Debug|Any CPU
		{9AFE9E7A-B002-4210-8B07-F1BA9BCAD8F0}.Debug|Any CPU.Build.0 = Debug|Any CPU
		{9AFE9E7A-B002-4210-8B07-F1BA9BCAD8F0}.Release|Any CPU.ActiveCfg = Release|Any CPU
		{9AFE9E7A-B002-4210-8B07-F1BA9BCAD8F0}.Release|Any CPU.Build.0 = Release|Any CPU
		{760C2D26-E8A9-E48E-8BC9-AEF70696F003}.Debug|Any CPU.ActiveCfg = Debug|Any CPU
		{760C2D26-E8A9-E48E-8BC9-AEF70696F003}.Debug|Any CPU.Build.0 = Debug|Any CPU
		{760C2D26-E8A9-E48E-8BC9-AEF70696F003}.Release|Any CPU.ActiveCfg = Release|Any CPU
		{760C2D26-E8A9-E48E-8BC9-AEF70696F003}.Release|Any CPU.Build.0 = Release|Any CPU
		{760C2D26-E8A9-E48E-8BC9-AEF70696F003}.Debug|Any CPU.ActiveCfg = Debug|Any CPU
		{760C2D26-E8A9-E48E-8BC9-AEF70696F003}.Debug|Any CPU.Build.0 = Debug|Any CPU
		{760C2D26-E8A9-E48E-8BC9-AEF70696F003}.Release|Any CPU.ActiveCfg = Release|Any CPU
		{760C2D26-E8A9-E48E-8BC9-AEF70696F003}.Release|Any CPU.Build.0 = Release|Any CPU
		{548C3D49-9EA3-700A-F8A8-750C5FB6A6C1}.Debug|Any CPU.ActiveCfg = Debug|Any CPU
		{548C3D49-9EA3-700A-F8A8-750C5FB6A6C1}.Debug|Any CPU.Build.0 = Debug|Any CPU
		{548C3D49-9EA3-700A-F8A8-750C5FB6A6C1}.Release|Any CPU.ActiveCfg = Release|Any CPU
		{548C3D49-9EA3-700A-F8A8-750C5FB6A6C1}.Release|Any CPU.Build.0 = Release|Any CPU
	EndGlobalSection
	GlobalSection(SolutionProperties) = preSolution
		HideSolutionNode = FALSE
	EndGlobalSection
EndGlobal
